
Microsoft Visual Studio Solution File, Format Version 12.00
# Visual Studio Version 16
VisualStudioVersion = 16.0.29519.181
MinimumVisualStudioVersion = 10.0.40219.1
Project("{FAE04EC0-301F-11D3-BF4B-00C04F79EFBC}") = "WinScanner", "WinScanner\WinScanner.csproj", "{7BE89F99-2004-4B56-BE4B-27BB29C2FE49}"
EndProject
Global
	GlobalSection(SolutionConfigurationPlatforms) = preSolution
		Debug|Any CPU = Debug|Any CPU
		Release|Any CPU = Release|Any CPU
	EndGlobalSection
	GlobalSection(ProjectConfigurationPlatforms) = postSolution
		{7BE89F99-2004-4B56-BE4B-27BB29C2FE49}.Debug|Any CPU.ActiveCfg = Debug|Any CPU
		{7BE89F99-2004-4B56-BE4B-27BB29C2FE49}.Debug|Any CPU.Build.0 = Debug|Any CPU
		{7BE89F99-2004-4B56-BE4B-27BB29C2FE49}.Release|Any CPU.ActiveCfg = Release|Any CPU
		{7BE89F99-2004-4B56-BE4B-27BB29C2FE49}.Release|Any CPU.Build.0 = Release|Any CPU
	EndGlobalSection
	GlobalSection(SolutionProperties) = preSolution
		HideSolutionNode = FALSE
	EndGlobalSection
	GlobalSection(ExtensibilityGlobals) = postSolution
		SolutionGuid = {FE5C0D0B-5002-4FF2-999C-452CFAE53F34}
	EndGlobalSection
EndGlobal
